// !$*UTF8*$!
{
	archiveVersion = 1;
	classes = {
	};
	objectVersion = 56;
	objects = {

/* Begin PBXBuildFile section */
		96286B962B717E5200A07166 /* SampleAppAPIApp.swift in Sources */ = {isa = PBXBuildFile; fileRef = 96286B952B717E5200A07166 /* SampleAppAPIApp.swift */; };
		96286B982B717E5200A07166 /* ContentView.swift in Sources */ = {isa = PBXBuildFile; fileRef = 96286B972B717E5200A07166 /* ContentView.swift */; };
		96286B9A2B717E5500A07166 /* Assets.xcassets in Resources */ = {isa = PBXBuildFile; fileRef = 96286B992B717E5500A07166 /* Assets.xcassets */; };
		96286B9E2B717E5500A07166 /* Preview Assets.xcassets in Resources */ = {isa = PBXBuildFile; fileRef = 96286B9D2B717E5500A07166 /* Preview Assets.xcassets */; };
		96286BA82B717E5500A07166 /* SampleAppAPITests.swift in Sources */ = {isa = PBXBuildFile; fileRef = 96286BA72B717E5500A07166 /* SampleAppAPITests.swift */; };
		96286BB22B717E5500A07166 /* SampleAppAPIUITests.swift in Sources */ = {isa = PBXBuildFile; fileRef = 96286BB12B717E5500A07166 /* SampleAppAPIUITests.swift */; };
		96286BC12B71832800A07166 /* ViewModel.swift in Sources */ = {isa = PBXBuildFile; fileRef = 96286BC02B71832800A07166 /* ViewModel.swift */; };
		96286BC42B7283C200A07166 /* WireMock.jar in Frameworks */ = {isa = PBXBuildFile; fileRef = 96286BC32B7283C200A07166 /* WireMock.jar */; };
		962928332B7D1DBD00D8145F /* CourseDetailView.swift in Sources */ = {isa = PBXBuildFile; fileRef = 962928322B7D1DBC00D8145F /* CourseDetailView.swift */; };
		962928362B7D4AB000D8145F /* URLImage in Frameworks */ = {isa = PBXBuildFile; productRef = 962928352B7D4AB000D8145F /* URLImage */; };
		962928382B7D4AB000D8145F /* URLImageStore in Frameworks */ = {isa = PBXBuildFile; productRef = 962928372B7D4AB000D8145F /* URLImageStore */; };
		963B63CC2B7BC05F00672A55 /* InlineSnapshotTesting in Frameworks */ = {isa = PBXBuildFile; productRef = 963B63CB2B7BC05F00672A55 /* InlineSnapshotTesting */; };
		963B63CE2B7BC05F00672A55 /* SnapshotTesting in Frameworks */ = {isa = PBXBuildFile; productRef = 963B63CD2B7BC05F00672A55 /* SnapshotTesting */; };
		963B63D02B7BFD7100672A55 /* CourseRowView.swift in Sources */ = {isa = PBXBuildFile; fileRef = 963B63CF2B7BFD7100672A55 /* CourseRowView.swift */; };
		96BF6DBE2B73D44F00FDFE13 /* XCTestCase+Helpers.swift in Sources */ = {isa = PBXBuildFile; fileRef = 96BF6DBD2B73D44F00FDFE13 /* XCTestCase+Helpers.swift */; };
		96BF6DC12B73DDBD00FDFE13 /* StartupUtils.swift in Sources */ = {isa = PBXBuildFile; fileRef = 96BF6DC02B73DDBD00FDFE13 /* StartupUtils.swift */; };
		96BF6DC32B73DF6D00FDFE13 /* LaunchArguments.swift in Sources */ = {isa = PBXBuildFile; fileRef = 96BF6DC22B73DF6D00FDFE13 /* LaunchArguments.swift */; };
/* End PBXBuildFile section */

/* Begin PBXContainerItemProxy section */
		96286BA42B717E5500A07166 /* PBXContainerItemProxy */ = {
			isa = PBXContainerItemProxy;
			containerPortal = 96286B8A2B717E5200A07166 /* Project object */;
			proxyType = 1;
			remoteGlobalIDString = 96286B912B717E5200A07166;
			remoteInfo = SampleAppAPI;
		};
		96286BAE2B717E5500A07166 /* PBXContainerItemProxy */ = {
			isa = PBXContainerItemProxy;
			containerPortal = 96286B8A2B717E5200A07166 /* Project object */;
			proxyType = 1;
			remoteGlobalIDString = 96286B912B717E5200A07166;
			remoteInfo = SampleAppAPI;
		};
/* End PBXContainerItemProxy section */

/* Begin PBXFileReference section */
		96286B922B717E5200A07166 /* SampleAppAPI.app */ = {isa = PBXFileReference; explicitFileType = wrapper.application; includeInIndex = 0; path = SampleAppAPI.app; sourceTree = BUILT_PRODUCTS_DIR; };
		96286B952B717E5200A07166 /* SampleAppAPIApp.swift */ = {isa = PBXFileReference; lastKnownFileType = sourcecode.swift; path = SampleAppAPIApp.swift; sourceTree = "<group>"; };
		96286B972B717E5200A07166 /* ContentView.swift */ = {isa = PBXFileReference; lastKnownFileType = sourcecode.swift; path = ContentView.swift; sourceTree = "<group>"; };
		96286B992B717E5500A07166 /* Assets.xcassets */ = {isa = PBXFileReference; lastKnownFileType = folder.assetcatalog; path = Assets.xcassets; sourceTree = "<group>"; };
		96286B9B2B717E5500A07166 /* SampleAppAPI.entitlements */ = {isa = PBXFileReference; lastKnownFileType = text.plist.entitlements; path = SampleAppAPI.entitlements; sourceTree = "<group>"; };
		96286B9D2B717E5500A07166 /* Preview Assets.xcassets */ = {isa = PBXFileReference; lastKnownFileType = folder.assetcatalog; path = "Preview Assets.xcassets"; sourceTree = "<group>"; };
		96286BA32B717E5500A07166 /* SampleAppAPITests.xctest */ = {isa = PBXFileReference; explicitFileType = wrapper.cfbundle; includeInIndex = 0; path = SampleAppAPITests.xctest; sourceTree = BUILT_PRODUCTS_DIR; };
		96286BA72B717E5500A07166 /* SampleAppAPITests.swift */ = {isa = PBXFileReference; lastKnownFileType = sourcecode.swift; path = SampleAppAPITests.swift; sourceTree = "<group>"; };
		96286BAD2B717E5500A07166 /* SampleAppAPIUITests.xctest */ = {isa = PBXFileReference; explicitFileType = wrapper.cfbundle; includeInIndex = 0; path = SampleAppAPIUITests.xctest; sourceTree = BUILT_PRODUCTS_DIR; };
		96286BB12B717E5500A07166 /* SampleAppAPIUITests.swift */ = {isa = PBXFileReference; lastKnownFileType = sourcecode.swift; path = SampleAppAPIUITests.swift; sourceTree = "<group>"; };
		96286BC02B71832800A07166 /* ViewModel.swift */ = {isa = PBXFileReference; lastKnownFileType = sourcecode.swift; path = ViewModel.swift; sourceTree = "<group>"; };
		96286BC32B7283C200A07166 /* WireMock.jar */ = {isa = PBXFileReference; lastKnownFileType = archive.jar; name = WireMock.jar; path = ../../../../../Downloads/WireMock.jar; sourceTree = "<group>"; };
		96286BC52B7289E300A07166 /* Info.plist */ = {isa = PBXFileReference; lastKnownFileType = text.plist; path = Info.plist; sourceTree = "<group>"; };
		962928322B7D1DBC00D8145F /* CourseDetailView.swift */ = {isa = PBXFileReference; lastKnownFileType = sourcecode.swift; path = CourseDetailView.swift; sourceTree = "<group>"; };
		963B63CF2B7BFD7100672A55 /* CourseRowView.swift */ = {isa = PBXFileReference; lastKnownFileType = sourcecode.swift; path = CourseRowView.swift; sourceTree = "<group>"; };
		96BF6DBD2B73D44F00FDFE13 /* XCTestCase+Helpers.swift */ = {isa = PBXFileReference; lastKnownFileType = sourcecode.swift; path = "XCTestCase+Helpers.swift"; sourceTree = "<group>"; };
		96BF6DC02B73DDBD00FDFE13 /* StartupUtils.swift */ = {isa = PBXFileReference; lastKnownFileType = sourcecode.swift; path = StartupUtils.swift; sourceTree = "<group>"; };
		96BF6DC22B73DF6D00FDFE13 /* LaunchArguments.swift */ = {isa = PBXFileReference; lastKnownFileType = sourcecode.swift; path = LaunchArguments.swift; sourceTree = "<group>"; };
/* End PBXFileReference section */

/* Begin PBXFrameworksBuildPhase section */
		96286B8F2B717E5200A07166 /* Frameworks */ = {
			isa = PBXFrameworksBuildPhase;
			buildActionMask = 2147483647;
			files = (
				962928362B7D4AB000D8145F /* URLImage in Frameworks */,
				962928382B7D4AB000D8145F /* URLImageStore in Frameworks */,
				96286BC42B7283C200A07166 /* WireMock.jar in Frameworks */,
			);
			runOnlyForDeploymentPostprocessing = 0;
		};
		96286BA02B717E5500A07166 /* Frameworks */ = {
			isa = PBXFrameworksBuildPhase;
			buildActionMask = 2147483647;
			files = (
				963B63CC2B7BC05F00672A55 /* InlineSnapshotTesting in Frameworks */,
				963B63CE2B7BC05F00672A55 /* SnapshotTesting in Frameworks */,
			);
			runOnlyForDeploymentPostprocessing = 0;
		};
		96286BAA2B717E5500A07166 /* Frameworks */ = {
			isa = PBXFrameworksBuildPhase;
			buildActionMask = 2147483647;
			files = (
			);
			runOnlyForDeploymentPostprocessing = 0;
		};
/* End PBXFrameworksBuildPhase section */

/* Begin PBXGroup section */
		96286B892B717E5200A07166 = {
			isa = PBXGroup;
			children = (
				96286B942B717E5200A07166 /* SampleAppAPI */,
				96286BA62B717E5500A07166 /* SampleAppAPITests */,
				96286BB02B717E5500A07166 /* SampleAppAPIUITests */,
				96286B932B717E5200A07166 /* Products */,
			);
			sourceTree = "<group>";
		};
		96286B932B717E5200A07166 /* Products */ = {
			isa = PBXGroup;
			children = (
				96286B922B717E5200A07166 /* SampleAppAPI.app */,
				96286BA32B717E5500A07166 /* SampleAppAPITests.xctest */,
				96286BAD2B717E5500A07166 /* SampleAppAPIUITests.xctest */,
			);
			name = Products;
			sourceTree = "<group>";
		};
		96286B942B717E5200A07166 /* SampleAppAPI */ = {
			isa = PBXGroup;
			children = (
				96BF6DBF2B73DDA300FDFE13 /* Utils */,
				96286BC52B7289E300A07166 /* Info.plist */,
				96286BC22B7283A700A07166 /* Vendor */,
				96286B952B717E5200A07166 /* SampleAppAPIApp.swift */,
				96286B972B717E5200A07166 /* ContentView.swift */,
				963B63CF2B7BFD7100672A55 /* CourseRowView.swift */,
				96286B992B717E5500A07166 /* Assets.xcassets */,
				96286B9B2B717E5500A07166 /* SampleAppAPI.entitlements */,
				96286B9C2B717E5500A07166 /* Preview Content */,
				96286BC02B71832800A07166 /* ViewModel.swift */,
				962928322B7D1DBC00D8145F /* CourseDetailView.swift */,
			);
			path = SampleAppAPI;
			sourceTree = "<group>";
		};
		96286B9C2B717E5500A07166 /* Preview Content */ = {
			isa = PBXGroup;
			children = (
				96286B9D2B717E5500A07166 /* Preview Assets.xcassets */,
			);
			path = "Preview Content";
			sourceTree = "<group>";
		};
		96286BA62B717E5500A07166 /* SampleAppAPITests */ = {
			isa = PBXGroup;
			children = (
				96286BA72B717E5500A07166 /* SampleAppAPITests.swift */,
			);
			path = SampleAppAPITests;
			sourceTree = "<group>";
		};
		96286BB02B717E5500A07166 /* SampleAppAPIUITests */ = {
			isa = PBXGroup;
			children = (
				96BF6DBC2B73D42900FDFE13 /* Utilities */,
				96286BB12B717E5500A07166 /* SampleAppAPIUITests.swift */,
			);
			path = SampleAppAPIUITests;
			sourceTree = "<group>";
		};
		96286BC22B7283A700A07166 /* Vendor */ = {
			isa = PBXGroup;
			children = (
				96286BC32B7283C200A07166 /* WireMock.jar */,
			);
			path = Vendor;
			sourceTree = "<group>";
		};
		96BF6DBC2B73D42900FDFE13 /* Utilities */ = {
			isa = PBXGroup;
			children = (
				96BF6DBD2B73D44F00FDFE13 /* XCTestCase+Helpers.swift */,
				96BF6DC22B73DF6D00FDFE13 /* LaunchArguments.swift */,
			);
			path = Utilities;
			sourceTree = "<group>";
		};
		96BF6DBF2B73DDA300FDFE13 /* Utils */ = {
			isa = PBXGroup;
			children = (
				96BF6DC02B73DDBD00FDFE13 /* StartupUtils.swift */,
			);
			path = Utils;
			sourceTree = "<group>";
		};
/* End PBXGroup section */

/* Begin PBXNativeTarget section */
		96286B912B717E5200A07166 /* SampleAppAPI */ = {
			isa = PBXNativeTarget;
			buildConfigurationList = 96286BB72B717E5500A07166 /* Build configuration list for PBXNativeTarget "SampleAppAPI" */;
			buildPhases = (
				96286B8E2B717E5200A07166 /* Sources */,
				96286B8F2B717E5200A07166 /* Frameworks */,
				96286B902B717E5200A07166 /* Resources */,
			);
			buildRules = (
			);
			dependencies = (
			);
			name = SampleAppAPI;
			packageProductDependencies = (
				962928352B7D4AB000D8145F /* URLImage */,
				962928372B7D4AB000D8145F /* URLImageStore */,
			);
			productName = SampleAppAPI;
			productReference = 96286B922B717E5200A07166 /* SampleAppAPI.app */;
			productType = "com.apple.product-type.application";
		};
		96286BA22B717E5500A07166 /* SampleAppAPITests */ = {
			isa = PBXNativeTarget;
			buildConfigurationList = 96286BBA2B717E5500A07166 /* Build configuration list for PBXNativeTarget "SampleAppAPITests" */;
			buildPhases = (
				96286B9F2B717E5500A07166 /* Sources */,
				96286BA02B717E5500A07166 /* Frameworks */,
				96286BA12B717E5500A07166 /* Resources */,
			);
			buildRules = (
			);
			dependencies = (
				96286BA52B717E5500A07166 /* PBXTargetDependency */,
			);
			name = SampleAppAPITests;
			packageProductDependencies = (
				963B63CB2B7BC05F00672A55 /* InlineSnapshotTesting */,
				963B63CD2B7BC05F00672A55 /* SnapshotTesting */,
			);
			productName = SampleAppAPITests;
			productReference = 96286BA32B717E5500A07166 /* SampleAppAPITests.xctest */;
			productType = "com.apple.product-type.bundle.unit-test";
		};
		96286BAC2B717E5500A07166 /* SampleAppAPIUITests */ = {
			isa = PBXNativeTarget;
			buildConfigurationList = 96286BBD2B717E5500A07166 /* Build configuration list for PBXNativeTarget "SampleAppAPIUITests" */;
			buildPhases = (
				96286BA92B717E5500A07166 /* Sources */,
				96286BAA2B717E5500A07166 /* Frameworks */,
				96286BAB2B717E5500A07166 /* Resources */,
			);
			buildRules = (
			);
			dependencies = (
				96286BAF2B717E5500A07166 /* PBXTargetDependency */,
			);
			name = SampleAppAPIUITests;
			productName = SampleAppAPIUITests;
			productReference = 96286BAD2B717E5500A07166 /* SampleAppAPIUITests.xctest */;
			productType = "com.apple.product-type.bundle.ui-testing";
		};
/* End PBXNativeTarget section */

/* Begin PBXProject section */
		96286B8A2B717E5200A07166 /* Project object */ = {
			isa = PBXProject;
			attributes = {
				BuildIndependentTargetsInParallel = 1;
				LastSwiftUpdateCheck = 1520;
				LastUpgradeCheck = 1520;
				TargetAttributes = {
					96286B912B717E5200A07166 = {
						CreatedOnToolsVersion = 15.2;
					};
					96286BA22B717E5500A07166 = {
						CreatedOnToolsVersion = 15.2;
						TestTargetID = 96286B912B717E5200A07166;
					};
					96286BAC2B717E5500A07166 = {
						CreatedOnToolsVersion = 15.2;
						TestTargetID = 96286B912B717E5200A07166;
					};
				};
			};
			buildConfigurationList = 96286B8D2B717E5200A07166 /* Build configuration list for PBXProject "SampleAppAPI" */;
			compatibilityVersion = "Xcode 14.0";
			developmentRegion = en;
			hasScannedForEncodings = 0;
			knownRegions = (
				en,
				Base,
			);
			mainGroup = 96286B892B717E5200A07166;
			packageReferences = (
				963B63CA2B7BC05F00672A55 /* XCRemoteSwiftPackageReference "swift-snapshot-testing" */,
				962928342B7D4AAF00D8145F /* XCRemoteSwiftPackageReference "url-image" */,
			);
			productRefGroup = 96286B932B717E5200A07166 /* Products */;
			projectDirPath = "";
			projectRoot = "";
			targets = (
				96286B912B717E5200A07166 /* SampleAppAPI */,
				96286BA22B717E5500A07166 /* SampleAppAPITests */,
				96286BAC2B717E5500A07166 /* SampleAppAPIUITests */,
			);
		};
/* End PBXProject section */

/* Begin PBXResourcesBuildPhase section */
		96286B902B717E5200A07166 /* Resources */ = {
			isa = PBXResourcesBuildPhase;
			buildActionMask = 2147483647;
			files = (
				96286B9E2B717E5500A07166 /* Preview Assets.xcassets in Resources */,
				96286B9A2B717E5500A07166 /* Assets.xcassets in Resources */,
			);
			runOnlyForDeploymentPostprocessing = 0;
		};
		96286BA12B717E5500A07166 /* Resources */ = {
			isa = PBXResourcesBuildPhase;
			buildActionMask = 2147483647;
			files = (
			);
			runOnlyForDeploymentPostprocessing = 0;
		};
		96286BAB2B717E5500A07166 /* Resources */ = {
			isa = PBXResourcesBuildPhase;
			buildActionMask = 2147483647;
			files = (
			);
			runOnlyForDeploymentPostprocessing = 0;
		};
/* End PBXResourcesBuildPhase section */

/* Begin PBXSourcesBuildPhase section */
		96286B8E2B717E5200A07166 /* Sources */ = {
			isa = PBXSourcesBuildPhase;
			buildActionMask = 2147483647;
			files = (
				96286B982B717E5200A07166 /* ContentView.swift in Sources */,
				963B63D02B7BFD7100672A55 /* CourseRowView.swift in Sources */,
				96BF6DC12B73DDBD00FDFE13 /* StartupUtils.swift in Sources */,
				96286BC12B71832800A07166 /* ViewModel.swift in Sources */,
				962928332B7D1DBD00D8145F /* CourseDetailView.swift in Sources */,
				96286B962B717E5200A07166 /* SampleAppAPIApp.swift in Sources */,
			);
			runOnlyForDeploymentPostprocessing = 0;
		};
		96286B9F2B717E5500A07166 /* Sources */ = {
			isa = PBXSourcesBuildPhase;
			buildActionMask = 2147483647;
			files = (
				96286BA82B717E5500A07166 /* SampleAppAPITests.swift in Sources */,
			);
			runOnlyForDeploymentPostprocessing = 0;
		};
		96286BA92B717E5500A07166 /* Sources */ = {
			isa = PBXSourcesBuildPhase;
			buildActionMask = 2147483647;
			files = (
				96BF6DBE2B73D44F00FDFE13 /* XCTestCase+Helpers.swift in Sources */,
				96BF6DC32B73DF6D00FDFE13 /* LaunchArguments.swift in Sources */,
				96286BB22B717E5500A07166 /* SampleAppAPIUITests.swift in Sources */,
			);
			runOnlyForDeploymentPostprocessing = 0;
		};
/* End PBXSourcesBuildPhase section */

/* Begin PBXTargetDependency section */
		96286BA52B717E5500A07166 /* PBXTargetDependency */ = {
			isa = PBXTargetDependency;
			target = 96286B912B717E5200A07166 /* SampleAppAPI */;
			targetProxy = 96286BA42B717E5500A07166 /* PBXContainerItemProxy */;
		};
		96286BAF2B717E5500A07166 /* PBXTargetDependency */ = {
			isa = PBXTargetDependency;
			target = 96286B912B717E5200A07166 /* SampleAppAPI */;
			targetProxy = 96286BAE2B717E5500A07166 /* PBXContainerItemProxy */;
		};
/* End PBXTargetDependency section */

/* Begin XCBuildConfiguration section */
		96286BB52B717E5500A07166 /* Debug */ = {
			isa = XCBuildConfiguration;
			buildSettings = {
				ALWAYS_SEARCH_USER_PATHS = NO;
				ASSETCATALOG_COMPILER_GENERATE_SWIFT_ASSET_SYMBOL_EXTENSIONS = YES;
				CLANG_ANALYZER_NONNULL = YES;
				CLANG_ANALYZER_NUMBER_OBJECT_CONVERSION = YES_AGGRESSIVE;
				CLANG_CXX_LANGUAGE_STANDARD = "gnu++20";
				CLANG_ENABLE_MODULES = YES;
				CLANG_ENABLE_OBJC_ARC = YES;
				CLANG_ENABLE_OBJC_WEAK = YES;
				CLANG_WARN_BLOCK_CAPTURE_AUTORELEASING = YES;
				CLANG_WARN_BOOL_CONVERSION = YES;
				CLANG_WARN_COMMA = YES;
				CLANG_WARN_CONSTANT_CONVERSION = YES;
				CLANG_WARN_DEPRECATED_OBJC_IMPLEMENTATIONS = YES;
				CLANG_WARN_DIRECT_OBJC_ISA_USAGE = YES_ERROR;
				CLANG_WARN_DOCUMENTATION_COMMENTS = YES;
				CLANG_WARN_EMPTY_BODY = YES;
				CLANG_WARN_ENUM_CONVERSION = YES;
				CLANG_WARN_INFINITE_RECURSION = YES;
				CLANG_WARN_INT_CONVERSION = YES;
				CLANG_WARN_NON_LITERAL_NULL_CONVERSION = YES;
				CLANG_WARN_OBJC_IMPLICIT_RETAIN_SELF = YES;
				CLANG_WARN_OBJC_LITERAL_CONVERSION = YES;
				CLANG_WARN_OBJC_ROOT_CLASS = YES_ERROR;
				CLANG_WARN_QUOTED_INCLUDE_IN_FRAMEWORK_HEADER = YES;
				CLANG_WARN_RANGE_LOOP_ANALYSIS = YES;
				CLANG_WARN_STRICT_PROTOTYPES = YES;
				CLANG_WARN_SUSPICIOUS_MOVE = YES;
				CLANG_WARN_UNGUARDED_AVAILABILITY = YES_AGGRESSIVE;
				CLANG_WARN_UNREACHABLE_CODE = YES;
				CLANG_WARN__DUPLICATE_METHOD_MATCH = YES;
				COPY_PHASE_STRIP = NO;
				DEBUG_INFORMATION_FORMAT = dwarf;
				ENABLE_STRICT_OBJC_MSGSEND = YES;
				ENABLE_TESTABILITY = YES;
				ENABLE_USER_SCRIPT_SANDBOXING = YES;
				GCC_C_LANGUAGE_STANDARD = gnu17;
				GCC_DYNAMIC_NO_PIC = NO;
				GCC_NO_COMMON_BLOCKS = YES;
				GCC_OPTIMIZATION_LEVEL = 0;
				GCC_PREPROCESSOR_DEFINITIONS = (
					"DEBUG=1",
					"$(inherited)",
				);
				GCC_WARN_64_TO_32_BIT_CONVERSION = YES;
				GCC_WARN_ABOUT_RETURN_TYPE = YES_ERROR;
				GCC_WARN_UNDECLARED_SELECTOR = YES;
				GCC_WARN_UNINITIALIZED_AUTOS = YES_AGGRESSIVE;
				GCC_WARN_UNUSED_FUNCTION = YES;
				GCC_WARN_UNUSED_VARIABLE = YES;
				LOCALIZATION_PREFERS_STRING_CATALOGS = YES;
				MTL_ENABLE_DEBUG_INFO = INCLUDE_SOURCE;
				MTL_FAST_MATH = YES;
				ONLY_ACTIVE_ARCH = YES;
				SWIFT_ACTIVE_COMPILATION_CONDITIONS = "DEBUG $(inherited)";
				SWIFT_OPTIMIZATION_LEVEL = "-Onone";
			};
			name = Debug;
		};
		96286BB62B717E5500A07166 /* Release */ = {
			isa = XCBuildConfiguration;
			buildSettings = {
				ALWAYS_SEARCH_USER_PATHS = NO;
				ASSETCATALOG_COMPILER_GENERATE_SWIFT_ASSET_SYMBOL_EXTENSIONS = YES;
				CLANG_ANALYZER_NONNULL = YES;
				CLANG_ANALYZER_NUMBER_OBJECT_CONVERSION = YES_AGGRESSIVE;
				CLANG_CXX_LANGUAGE_STANDARD = "gnu++20";
				CLANG_ENABLE_MODULES = YES;
				CLANG_ENABLE_OBJC_ARC = YES;
				CLANG_ENABLE_OBJC_WEAK = YES;
				CLANG_WARN_BLOCK_CAPTURE_AUTORELEASING = YES;
				CLANG_WARN_BOOL_CONVERSION = YES;
				CLANG_WARN_COMMA = YES;
				CLANG_WARN_CONSTANT_CONVERSION = YES;
				CLANG_WARN_DEPRECATED_OBJC_IMPLEMENTATIONS = YES;
				CLANG_WARN_DIRECT_OBJC_ISA_USAGE = YES_ERROR;
				CLANG_WARN_DOCUMENTATION_COMMENTS = YES;
				CLANG_WARN_EMPTY_BODY = YES;
				CLANG_WARN_ENUM_CONVERSION = YES;
				CLANG_WARN_INFINITE_RECURSION = YES;
				CLANG_WARN_INT_CONVERSION = YES;
				CLANG_WARN_NON_LITERAL_NULL_CONVERSION = YES;
				CLANG_WARN_OBJC_IMPLICIT_RETAIN_SELF = YES;
				CLANG_WARN_OBJC_LITERAL_CONVERSION = YES;
				CLANG_WARN_OBJC_ROOT_CLASS = YES_ERROR;
				CLANG_WARN_QUOTED_INCLUDE_IN_FRAMEWORK_HEADER = YES;
				CLANG_WARN_RANGE_LOOP_ANALYSIS = YES;
				CLANG_WARN_STRICT_PROTOTYPES = YES;
				CLANG_WARN_SUSPICIOUS_MOVE = YES;
				CLANG_WARN_UNGUARDED_AVAILABILITY = YES_AGGRESSIVE;
				CLANG_WARN_UNREACHABLE_CODE = YES;
				CLANG_WARN__DUPLICATE_METHOD_MATCH = YES;
				COPY_PHASE_STRIP = NO;
				DEBUG_INFORMATION_FORMAT = "dwarf-with-dsym";
				ENABLE_NS_ASSERTIONS = NO;
				ENABLE_STRICT_OBJC_MSGSEND = YES;
				ENABLE_USER_SCRIPT_SANDBOXING = YES;
				GCC_C_LANGUAGE_STANDARD = gnu17;
				GCC_NO_COMMON_BLOCKS = YES;
				GCC_WARN_64_TO_32_BIT_CONVERSION = YES;
				GCC_WARN_ABOUT_RETURN_TYPE = YES_ERROR;
				GCC_WARN_UNDECLARED_SELECTOR = YES;
				GCC_WARN_UNINITIALIZED_AUTOS = YES_AGGRESSIVE;
				GCC_WARN_UNUSED_FUNCTION = YES;
				GCC_WARN_UNUSED_VARIABLE = YES;
				LOCALIZATION_PREFERS_STRING_CATALOGS = YES;
				MTL_ENABLE_DEBUG_INFO = NO;
				MTL_FAST_MATH = YES;
				SWIFT_COMPILATION_MODE = wholemodule;
			};
			name = Release;
		};
		96286BB82B717E5500A07166 /* Debug */ = {
			isa = XCBuildConfiguration;
			buildSettings = {
				ASSETCATALOG_COMPILER_APPICON_NAME = AppIcon;
				ASSETCATALOG_COMPILER_GLOBAL_ACCENT_COLOR_NAME = AccentColor;
				CODE_SIGN_ENTITLEMENTS = SampleAppAPI/SampleAppAPI.entitlements;
				CODE_SIGN_STYLE = Automatic;
				CURRENT_PROJECT_VERSION = 1;
				DEVELOPMENT_ASSET_PATHS = "\"SampleAppAPI/Preview Content\"";
				DEVELOPMENT_TEAM = FRQ5Q2CGDN;
				ENABLE_HARDENED_RUNTIME = YES;
				ENABLE_PREVIEWS = YES;
				GENERATE_INFOPLIST_FILE = YES;
				INFOPLIST_FILE = SampleAppAPI/Info.plist;
				"INFOPLIST_KEY_UIApplicationSceneManifest_Generation[sdk=iphoneos*]" = YES;
				"INFOPLIST_KEY_UIApplicationSceneManifest_Generation[sdk=iphonesimulator*]" = YES;
				"INFOPLIST_KEY_UIApplicationSupportsIndirectInputEvents[sdk=iphoneos*]" = YES;
				"INFOPLIST_KEY_UIApplicationSupportsIndirectInputEvents[sdk=iphonesimulator*]" = YES;
				"INFOPLIST_KEY_UILaunchScreen_Generation[sdk=iphoneos*]" = YES;
				"INFOPLIST_KEY_UILaunchScreen_Generation[sdk=iphonesimulator*]" = YES;
				"INFOPLIST_KEY_UIStatusBarStyle[sdk=iphoneos*]" = UIStatusBarStyleDefault;
				"INFOPLIST_KEY_UIStatusBarStyle[sdk=iphonesimulator*]" = UIStatusBarStyleDefault;
				INFOPLIST_KEY_UISupportedInterfaceOrientations_iPad = "UIInterfaceOrientationPortrait UIInterfaceOrientationPortraitUpsideDown UIInterfaceOrientationLandscapeLeft UIInterfaceOrientationLandscapeRight";
				INFOPLIST_KEY_UISupportedInterfaceOrientations_iPhone = "UIInterfaceOrientationPortrait UIInterfaceOrientationLandscapeLeft UIInterfaceOrientationLandscapeRight";
				IPHONEOS_DEPLOYMENT_TARGET = 17.2;
				LD_RUNPATH_SEARCH_PATHS = "@executable_path/Frameworks";
				"LD_RUNPATH_SEARCH_PATHS[sdk=macosx*]" = "@executable_path/../Frameworks";
				MACOSX_DEPLOYMENT_TARGET = 14.2;
				MARKETING_VERSION = 1.0;
				PRODUCT_BUNDLE_IDENTIFIER = com.pigeon56.WeatherApp.SampleAppAPI;
				PRODUCT_NAME = "$(TARGET_NAME)";
				SDKROOT = auto;
				SUPPORTED_PLATFORMS = "iphoneos iphonesimulator macosx";
				SWIFT_EMIT_LOC_STRINGS = YES;
				SWIFT_VERSION = 5.0;
				TARGETED_DEVICE_FAMILY = "1,2";
			};
			name = Debug;
		};
		96286BB92B717E5500A07166 /* Release */ = {
			isa = XCBuildConfiguration;
			buildSettings = {
				ASSETCATALOG_COMPILER_APPICON_NAME = AppIcon;
				ASSETCATALOG_COMPILER_GLOBAL_ACCENT_COLOR_NAME = AccentColor;
				CODE_SIGN_ENTITLEMENTS = SampleAppAPI/SampleAppAPI.entitlements;
				CODE_SIGN_STYLE = Automatic;
				CURRENT_PROJECT_VERSION = 1;
				DEVELOPMENT_ASSET_PATHS = "\"SampleAppAPI/Preview Content\"";
				DEVELOPMENT_TEAM = FRQ5Q2CGDN;
				ENABLE_HARDENED_RUNTIME = YES;
				ENABLE_PREVIEWS = YES;
				GENERATE_INFOPLIST_FILE = YES;
				INFOPLIST_FILE = SampleAppAPI/Info.plist;
				"INFOPLIST_KEY_UIApplicationSceneManifest_Generation[sdk=iphoneos*]" = YES;
				"INFOPLIST_KEY_UIApplicationSceneManifest_Generation[sdk=iphonesimulator*]" = YES;
				"INFOPLIST_KEY_UIApplicationSupportsIndirectInputEvents[sdk=iphoneos*]" = YES;
				"INFOPLIST_KEY_UIApplicationSupportsIndirectInputEvents[sdk=iphonesimulator*]" = YES;
				"INFOPLIST_KEY_UILaunchScreen_Generation[sdk=iphoneos*]" = YES;
				"INFOPLIST_KEY_UILaunchScreen_Generation[sdk=iphonesimulator*]" = YES;
				"INFOPLIST_KEY_UIStatusBarStyle[sdk=iphoneos*]" = UIStatusBarStyleDefault;
				"INFOPLIST_KEY_UIStatusBarStyle[sdk=iphonesimulator*]" = UIStatusBarStyleDefault;
				INFOPLIST_KEY_UISupportedInterfaceOrientations_iPad = "UIInterfaceOrientationPortrait UIInterfaceOrientationPortraitUpsideDown UIInterfaceOrientationLandscapeLeft UIInterfaceOrientationLandscapeRight";
				INFOPLIST_KEY_UISupportedInterfaceOrientations_iPhone = "UIInterfaceOrientationPortrait UIInterfaceOrientationLandscapeLeft UIInterfaceOrientationLandscapeRight";
				IPHONEOS_DEPLOYMENT_TARGET = 17.2;
				LD_RUNPATH_SEARCH_PATHS = "@executable_path/Frameworks";
				"LD_RUNPATH_SEARCH_PATHS[sdk=macosx*]" = "@executable_path/../Frameworks";
				MACOSX_DEPLOYMENT_TARGET = 14.2;
				MARKETING_VERSION = 1.0;
				PRODUCT_BUNDLE_IDENTIFIER = com.pigeon56.WeatherApp.SampleAppAPI;
				PRODUCT_NAME = "$(TARGET_NAME)";
				SDKROOT = auto;
				SUPPORTED_PLATFORMS = "iphoneos iphonesimulator macosx";
				SWIFT_EMIT_LOC_STRINGS = YES;
				SWIFT_VERSION = 5.0;
				TARGETED_DEVICE_FAMILY = "1,2";
			};
			name = Release;
		};
		96286BBB2B717E5500A07166 /* Debug */ = {
			isa = XCBuildConfiguration;
			buildSettings = {
				ALWAYS_EMBED_SWIFT_STANDARD_LIBRARIES = YES;
				BUNDLE_LOADER = "$(TEST_HOST)";
				CODE_SIGN_STYLE = Automatic;
				CURRENT_PROJECT_VERSION = 1;
				DEVELOPMENT_TEAM = FRQ5Q2CGDN;
				GENERATE_INFOPLIST_FILE = YES;
				IPHONEOS_DEPLOYMENT_TARGET = 17.2;
				MACOSX_DEPLOYMENT_TARGET = 14.2;
				MARKETING_VERSION = 1.0;
				PRODUCT_BUNDLE_IDENTIFIER = com.pigeon56.WeatherApp.SampleAppAPITests;
				PRODUCT_NAME = "$(TARGET_NAME)";
				SDKROOT = auto;
				SUPPORTED_PLATFORMS = "iphoneos iphonesimulator macosx";
				SWIFT_EMIT_LOC_STRINGS = NO;
				SWIFT_VERSION = 5.0;
				TARGETED_DEVICE_FAMILY = "1,2";
				TEST_HOST = "$(BUILT_PRODUCTS_DIR)/SampleAppAPI.app/$(BUNDLE_EXECUTABLE_FOLDER_PATH)/SampleAppAPI";
			};
			name = Debug;
		};
		96286BBC2B717E5500A07166 /* Release */ = {
			isa = XCBuildConfiguration;
			buildSettings = {
				ALWAYS_EMBED_SWIFT_STANDARD_LIBRARIES = YES;
				BUNDLE_LOADER = "$(TEST_HOST)";
				CODE_SIGN_STYLE = Automatic;
				CURRENT_PROJECT_VERSION = 1;
				DEVELOPMENT_TEAM = FRQ5Q2CGDN;
				GENERATE_INFOPLIST_FILE = YES;
				IPHONEOS_DEPLOYMENT_TARGET = 17.2;
				MACOSX_DEPLOYMENT_TARGET = 14.2;
				MARKETING_VERSION = 1.0;
				PRODUCT_BUNDLE_IDENTIFIER = com.pigeon56.WeatherApp.SampleAppAPITests;
				PRODUCT_NAME = "$(TARGET_NAME)";
				SDKROOT = auto;
				SUPPORTED_PLATFORMS = "iphoneos iphonesimulator macosx";
				SWIFT_EMIT_LOC_STRINGS = NO;
				SWIFT_VERSION = 5.0;
				TARGETED_DEVICE_FAMILY = "1,2";
				TEST_HOST = "$(BUILT_PRODUCTS_DIR)/SampleAppAPI.app/$(BUNDLE_EXECUTABLE_FOLDER_PATH)/SampleAppAPI";
			};
			name = Release;
		};
		96286BBE2B717E5500A07166 /* Debug */ = {
			isa = XCBuildConfiguration;
			buildSettings = {
				ALWAYS_EMBED_SWIFT_STANDARD_LIBRARIES = YES;
				CODE_SIGN_STYLE = Automatic;
				CURRENT_PROJECT_VERSION = 1;
				DEVELOPMENT_TEAM = FRQ5Q2CGDN;
				GENERATE_INFOPLIST_FILE = YES;
				IPHONEOS_DEPLOYMENT_TARGET = 17.2;
				MACOSX_DEPLOYMENT_TARGET = 14.2;
				MARKETING_VERSION = 1.0;
				PRODUCT_BUNDLE_IDENTIFIER = com.pigeon56.WeatherApp.SampleAppAPIUITests;
				PRODUCT_NAME = "$(TARGET_NAME)";
				SDKROOT = auto;
				SUPPORTED_PLATFORMS = "iphoneos iphonesimulator macosx";
				SWIFT_EMIT_LOC_STRINGS = NO;
				SWIFT_VERSION = 5.0;
				TARGETED_DEVICE_FAMILY = "1,2";
				TEST_TARGET_NAME = SampleAppAPI;
			};
			name = Debug;
		};
		96286BBF2B717E5500A07166 /* Release */ = {
			isa = XCBuildConfiguration;
			buildSettings = {
				ALWAYS_EMBED_SWIFT_STANDARD_LIBRARIES = YES;
				CODE_SIGN_STYLE = Automatic;
				CURRENT_PROJECT_VERSION = 1;
				DEVELOPMENT_TEAM = FRQ5Q2CGDN;
				GENERATE_INFOPLIST_FILE = YES;
				IPHONEOS_DEPLOYMENT_TARGET = 17.2;
				MACOSX_DEPLOYMENT_TARGET = 14.2;
				MARKETING_VERSION = 1.0;
				PRODUCT_BUNDLE_IDENTIFIER = com.pigeon56.WeatherApp.SampleAppAPIUITests;
				PRODUCT_NAME = "$(TARGET_NAME)";
				SDKROOT = auto;
				SUPPORTED_PLATFORMS = "iphoneos iphonesimulator macosx";
				SWIFT_EMIT_LOC_STRINGS = NO;
				SWIFT_VERSION = 5.0;
				TARGETED_DEVICE_FAMILY = "1,2";
				TEST_TARGET_NAME = SampleAppAPI;
			};
			name = Release;
		};
/* End XCBuildConfiguration section */

/* Begin XCConfigurationList section */
		96286B8D2B717E5200A07166 /* Build configuration list for PBXProject "SampleAppAPI" */ = {
			isa = XCConfigurationList;
			buildConfigurations = (
				96286BB52B717E5500A07166 /* Debug */,
				96286BB62B717E5500A07166 /* Release */,
			);
			defaultConfigurationIsVisible = 0;
			defaultConfigurationName = Release;
		};
		96286BB72B717E5500A07166 /* Build configuration list for PBXNativeTarget "SampleAppAPI" */ = {
			isa = XCConfigurationList;
			buildConfigurations = (
				96286BB82B717E5500A07166 /* Debug */,
				96286BB92B717E5500A07166 /* Release */,
			);
			defaultConfigurationIsVisible = 0;
			defaultConfigurationName = Release;
		};
		96286BBA2B717E5500A07166 /* Build configuration list for PBXNativeTarget "SampleAppAPITests" */ = {
			isa = XCConfigurationList;
			buildConfigurations = (
				96286BBB2B717E5500A07166 /* Debug */,
				96286BBC2B717E5500A07166 /* Release */,
			);
			defaultConfigurationIsVisible = 0;
			defaultConfigurationName = Release;
		};
		96286BBD2B717E5500A07166 /* Build configuration list for PBXNativeTarget "SampleAppAPIUITests" */ = {
			isa = XCConfigurationList;
			buildConfigurations = (
				96286BBE2B717E5500A07166 /* Debug */,
				96286BBF2B717E5500A07166 /* Release */,
			);
			defaultConfigurationIsVisible = 0;
			defaultConfigurationName = Release;
		};
/* End XCConfigurationList section */

/* Begin XCRemoteSwiftPackageReference section */
		962928342B7D4AAF00D8145F /* XCRemoteSwiftPackageReference "url-image" */ = {
			isa = XCRemoteSwiftPackageReference;
			repositoryURL = "https://github.com/dmytro-anokhin/url-image";
			requirement = {
				kind = upToNextMajorVersion;
				minimumVersion = 3.1.1;
			};
		};
		963B63CA2B7BC05F00672A55 /* XCRemoteSwiftPackageReference "swift-snapshot-testing" */ = {
			isa = XCRemoteSwiftPackageReference;
			repositoryURL = "https://github.com/pointfreeco/swift-snapshot-testing";
			requirement = {
				kind = upToNextMajorVersion;
				minimumVersion = 1.15.3;
			};
		};
/* End XCRemoteSwiftPackageReference section */

/* Begin XCSwiftPackageProductDependency section */
		962928352B7D4AB000D8145F /* URLImage */ = {
			isa = XCSwiftPackageProductDependency;
			package = 962928342B7D4AAF00D8145F /* XCRemoteSwiftPackageReference "url-image" */;
			productName = URLImage;
		};
		962928372B7D4AB000D8145F /* URLImageStore */ = {
			isa = XCSwiftPackageProductDependency;
			package = 962928342B7D4AAF00D8145F /* XCRemoteSwiftPackageReference "url-image" */;
			productName = URLImageStore;
		};
		963B63CB2B7BC05F00672A55 /* InlineSnapshotTesting */ = {
			isa = XCSwiftPackageProductDependency;
			package = 963B63CA2B7BC05F00672A55 /* XCRemoteSwiftPackageReference "swift-snapshot-testing" */;
			productName = InlineSnapshotTesting;
		};
		963B63CD2B7BC05F00672A55 /* SnapshotTesting */ = {
			isa = XCSwiftPackageProductDependency;
			package = 963B63CA2B7BC05F00672A55 /* XCRemoteSwiftPackageReference "swift-snapshot-testing" */;
			productName = SnapshotTesting;
		};
/* End XCSwiftPackageProductDependency section */
	};
	rootObject = 96286B8A2B717E5200A07166 /* Project object */;
}
